
Microsoft Visual Studio Solution File, Format Version 12.00
# Visual Studio 14
VisualStudioVersion = 14.0.25420.1
MinimumVisualStudioVersion = 10.0.40219.1
Project("{FAE04EC0-301F-11D3-BF4B-00C04F79EFBC}") = "Linq", "Linq\Linq.csproj", "{83756E40-527E-4615-9A33-B742E74CA058}"
EndProject
Project("{FAE04EC0-301F-11D3-BF4B-00C04F79EFBC}") = "Main", "Main\Main.csproj", "{B1175726-9F70-4BB5-9C2E-BB16C6FDB37B}"
EndProject
Project("{FAE04EC0-301F-11D3-BF4B-00C04F79EFBC}") = "Excel", "Excel\Excel.csproj", "{EF45E34F-C632-4906-B052-D3ADEE6CFA99}"
EndProject
Project("{FAE04EC0-301F-11D3-BF4B-00C04F79EFBC}") = "MongoDB", "MongoDB\MongoDB.csproj", "{C917AC46-B6A2-4CD7-B9C1-7F27AC91AE1C}"
EndProject
Project("{FAE04EC0-301F-11D3-BF4B-00C04F79EFBC}") = "WPF", "WPF\WPF.csproj", "{CE56234E-36D0-442A-BEB9-D31B5895A6F9}"
EndProject
Global
	GlobalSection(SolutionConfigurationPlatforms) = preSolution
		Debug|Any CPU = Debug|Any CPU
		Release|Any CPU = Release|Any CPU
	EndGlobalSection
	GlobalSection(ProjectConfigurationPlatforms) = postSolution
		{83756E40-527E-4615-9A33-B742E74CA058}.Debug|Any CPU.ActiveCfg = Debug|Any CPU
		{83756E40-527E-4615-9A33-B742E74CA058}.Debug|Any CPU.Build.0 = Debug|Any CPU
		{83756E40-527E-4615-9A33-B742E74CA058}.Release|Any CPU.ActiveCfg = Release|Any CPU
		{83756E40-527E-4615-9A33-B742E74CA058}.Release|Any CPU.Build.0 = Release|Any CPU
		{B1175726-9F70-4BB5-9C2E-BB16C6FDB37B}.Debug|Any CPU.ActiveCfg = Debug|Any CPU
		{B1175726-9F70-4BB5-9C2E-BB16C6FDB37B}.Debug|Any CPU.Build.0 = Debug|Any CPU
		{B1175726-9F70-4BB5-9C2E-BB16C6FDB37B}.Release|Any CPU.ActiveCfg = Release|Any CPU
		{B1175726-9F70-4BB5-9C2E-BB16C6FDB37B}.Release|Any CPU.Build.0 = Release|Any CPU
		{EF45E34F-C632-4906-B052-D3ADEE6CFA99}.Debug|Any CPU.ActiveCfg = Debug|Any CPU
		{EF45E34F-C632-4906-B052-D3ADEE6CFA99}.Debug|Any CPU.Build.0 = Debug|Any CPU
		{EF45E34F-C632-4906-B052-D3ADEE6CFA99}.Release|Any CPU.ActiveCfg = Release|Any CPU
		{EF45E34F-C632-4906-B052-D3ADEE6CFA99}.Release|Any CPU.Build.0 = Release|Any CPU
		{C917AC46-B6A2-4CD7-B9C1-7F27AC91AE1C}.Debug|Any CPU.ActiveCfg = Debug|Any CPU
		{C917AC46-B6A2-4CD7-B9C1-7F27AC91AE1C}.Debug|Any CPU.Build.0 = Debug|Any CPU
		{C917AC46-B6A2-4CD7-B9C1-7F27AC91AE1C}.Release|Any CPU.ActiveCfg = Release|Any CPU
		{C917AC46-B6A2-4CD7-B9C1-7F27AC91AE1C}.Release|Any CPU.Build.0 = Release|Any CPU
		{CE56234E-36D0-442A-BEB9-D31B5895A6F9}.Debug|Any CPU.ActiveCfg = Debug|Any CPU
		{CE56234E-36D0-442A-BEB9-D31B5895A6F9}.Debug|Any CPU.Build.0 = Debug|Any CPU
		{CE56234E-36D0-442A-BEB9-D31B5895A6F9}.Release|Any CPU.ActiveCfg = Release|Any CPU
		{CE56234E-36D0-442A-BEB9-D31B5895A6F9}.Release|Any CPU.Build.0 = Release|Any CPU
	EndGlobalSection
	GlobalSection(SolutionProperties) = preSolution
		HideSolutionNode = FALSE
	EndGlobalSection
EndGlobal
